<?xml version="1.0" encoding="UTF-8" standalone="yes" ?>
<CodeBlocks_project_file>
	<FileVersion major="1" minor="6" />
	<Project>
		<Option title="MPP" />
		<Option pch_mode="2" />
		<Option compiler="gcc" />
		<Build>
			<Target title="Debug">
				<Option output="bin/Debug/MPP" prefix_auto="1" extension_auto="1" />
				<Option object_output="obj/Debug/" />
				<Option type="1" />
				<Option compiler="gcc" />
				<Compiler>
					<Add option="-g" />
					<Add directory="include" />
				</Compiler>
			</Target>
			<Target title="Release">
				<Option output="bin/Release/MPP" prefix_auto="1" extension_auto="1" />
				<Option object_output="obj/Release/" />
				<Option type="1" />
				<Option compiler="gcc" />
				<Compiler>
					<Add option="-O2" />
					<Add directory="include" />
				</Compiler>
				<Linker>
					<Add option="-s" />
				</Linker>
			</Target>
		</Build>
		<Compiler>
			<Add option="-Wall" />
			<Add option="-fexceptions" />
		</Compiler>
		<Unit filename="include/Audio.h" />
		<Unit filename="include/CategorieClient.h" />
		<Unit filename="include/Client.h" />
		<Unit filename="include/Date.h" />
		<Unit filename="include/Document.h" />
		<Unit filename="include/FicheEmprunt.h" />
		<Unit filename="include/Genre.h" />
		<Unit filename="include/Livre.h" />
		<Unit filename="include/Localisation.h" />
		<Unit filename="include/Mediatheque.h" />
		<Unit filename="include/Video.h" />
		<Unit filename="main.cpp" />
		<Unit filename="src/Audio.cpp" />
		<Unit filename="src/CategorieClient.cpp" />
		<Unit filename="src/Client.cpp" />
		<Unit filename="src/Date.cpp" />
		<Unit filename="src/Document.cpp" />
		<Unit filename="src/FicheEmprunt.cpp" />
		<Unit filename="src/Genre.cpp" />
		<Unit filename="src/Livre.cpp" />
		<Unit filename="src/Localisation.cpp" />
		<Unit filename="src/Mediatheque.cpp" />
		<Unit filename="src/Video.cpp" />
		<Extensions>
			<code_completion />
			<envvars />
			<debugger />
			<lib_finder disable_auto="1" />
		</Extensions>
	</Project>
</CodeBlocks_project_file>
